<?xml version="1.0" encoding="utf-8"?>
<Project ToolsVersion="4.0" xmlns="http://schemas.microsoft.com/developer/msbuild/2003">
  <ItemGroup>
    <Filter Include="examples">
      <UniqueIdentifier>{9d82b3af-9ba4-49dc-b375-d0f36ba9ebb7}</UniqueIdentifier>
    </Filter>
    <Filter Include="FSM">
      <UniqueIdentifier>{7b0ab9a0-1fd1-4717-83a9-50a0ed7a4e56}</UniqueIdentifier>
    </Filter>
    <Filter Include="lex-ana">
      <UniqueIdentifier>{773fc033-f1c1-4c1a-8d87-045da926dd76}</UniqueIdentifier>
    </Filter>
    <Filter Include="utility">
      <UniqueIdentifier>{ad52ac2e-9de8-4369-8d2a-ea806c9fa6cf}</UniqueIdentifier>
    </Filter>
    <Filter Include="libsrc">
      <UniqueIdentifier>{264cd7f1-14a4-4ed2-8be8-138d073f1acd}</UniqueIdentifier>
    </Filter>
    <Filter Include="tests">
      <UniqueIdentifier>{c0debc83-1dff-4253-a5ad-193129c5fbe2}</UniqueIdentifier>
    </Filter>
  </ItemGroup>
  <ItemGroup>
    <ClInclude Include="ANSI.h">
      <Filter>utility</Filter>
    </ClInclude>
    <ClInclude Include="common.h">
      <Filter>utility</Filter>
    </ClInclude>
    <ClInclude Include="Logger.h">
      <Filter>utility</Filter>
    </ClInclude>
    <ClInclude Include="LADataStructs.h">
      <Filter>lex-ana</Filter>
    </ClInclude>
    <ClInclude Include="LexicalAnalyzer.h">
      <Filter>lex-ana</Filter>
    </ClInclude>
    <ClInclude Include="DFA.h">
      <Filter>FSM</Filter>
    </ClInclude>
    <ClInclude Include="FiniteStateMachine.h">
      <Filter>FSM</Filter>
    </ClInclude>
    <ClInclude Include="NFA.h">
      <Filter>FSM</Filter>
    </ClInclude>
    <ClInclude Include="LLParser.hpp">
      <Filter>libsrc</Filter>
    </ClInclude>
    <ClInclude Include="LRParser.hpp">
      <Filter>libsrc</Filter>
    </ClInclude>
    <ClInclude Include="Parser.h">
      <Filter>libsrc</Filter>
    </ClInclude>
    <ClInclude Include="PDataStructs.h">
      <Filter>libsrc</Filter>
    </ClInclude>
    <ClInclude Include="PEnum.h">
      <Filter>libsrc</Filter>
    </ClInclude>
    <ClInclude Include="PItem.h">
      <Filter>libsrc</Filter>
    </ClInclude>
    <ClInclude Include="PProduction.h">
      <Filter>libsrc</Filter>
    </ClInclude>
    <ClInclude Include="PStack.h">
      <Filter>libsrc</Filter>
    </ClInclude>
    <ClInclude Include="PTable.h">
      <Filter>libsrc</Filter>
    </ClInclude>
    <ClInclude Include="PExceptions.h">
      <Filter>libsrc</Filter>
    </ClInclude>
    <ClInclude Include="tests\fsm.h">
      <Filter>tests</Filter>
    </ClInclude>
    <ClInclude Include="tests\universal.h">
      <Filter>tests</Filter>
    </ClInclude>
  </ItemGroup>
  <ItemGroup>
    <ClCompile Include="common.cpp">
      <Filter>utility</Filter>
    </ClCompile>
    <ClCompile Include="Logger.cpp">
      <Filter>utility</Filter>
    </ClCompile>
    <ClCompile Include="FiniteStateMachine.cpp">
      <Filter>FSM</Filter>
    </ClCompile>
    <ClCompile Include="PEnum.cpp">
      <Filter>libsrc</Filter>
    </ClCompile>
    <ClCompile Include="PTable.cpp">
      <Filter>libsrc</Filter>
    </ClCompile>
    <ClCompile Include="examples\main.cpp">
      <Filter>examples</Filter>
    </ClCompile>
    <ClCompile Include="tests\dfa.cpp">
      <Filter>tests</Filter>
    </ClCompile>
    <ClCompile Include="tests\lexical analyzer.cpp">
      <Filter>tests</Filter>
    </ClCompile>
    <ClCompile Include="tests\nfa.cpp">
      <Filter>tests</Filter>
    </ClCompile>
    <ClCompile Include="tests\universal.cpp">
      <Filter>tests</Filter>
    </ClCompile>
    <ClCompile Include="ll parser.cpp">
      <Filter>tests</Filter>
    </ClCompile>
  </ItemGroup>
  <ItemGroup>
    <None Include="packages.config" />
  </ItemGroup>
</Project>